{
  "version": 4,
  "terraform_version": "1.12.2",
  "serial": 10,
  "lineage": "4ff297f8-f713-ed05-dfb6-6b9c3cbaad99",
  "outputs": {
    "instance_ip": {
      "value": "34.101.217.161",
      "type": "string"
    },
    "ssh_command": {
      "value": "ssh -i ~/.ssh/google_compute_engine cisnux@34.101.217.161",
      "type": "string"
    }
  },
  "resources": [
    {
      "mode": "managed",
      "type": "google_compute_instance",
      "name": "e2_medium",
      "provider": "provider[\"registry.terraform.io/hashicorp/google\"]",
      "instances": [
        {
          "schema_version": 6,
          "attributes": {
            "advanced_machine_features": [],
            "allow_stopping_for_update": null,
            "attached_disk": [],
            "boot_disk": [
              {
                "auto_delete": true,
                "device_name": "persistent-disk-0",
                "disk_encryption_key_raw": "",
                "disk_encryption_key_sha256": "",
                "initialize_params": [
                  {
                    "image": "https://www.googleapis.com/compute/v1/projects/debian-cloud/global/images/debian-11-bullseye-v20250709",
                    "labels": {},
                    "resource_manager_tags": null,
                    "size": 10,
                    "type": "pd-standard"
                  }
                ],
                "kms_key_self_link": "",
                "mode": "READ_WRITE",
                "source": "https://www.googleapis.com/compute/v1/projects/fp-secure-api-gateway/zones/asia-southeast2-a/disks/e2-medium-instance"
              }
            ],
            "can_ip_forward": false,
            "confidential_instance_config": [],
            "cpu_platform": "AMD Rome",
            "current_status": "RUNNING",
            "deletion_protection": false,
            "description": "",
            "desired_status": null,
            "enable_display": false,
            "guest_accelerator": [],
            "hostname": "",
            "id": "projects/fp-secure-api-gateway/zones/asia-southeast2-a/instances/e2-medium-instance",
            "instance_id": "5836118297787137124",
            "label_fingerprint": "42WmSpB8rSM=",
            "labels": null,
            "machine_type": "e2-medium",
            "metadata": {
              "ssh-keys": "cisnux:ssh-rsa AAAAB3NzaC1yc2EAAAADAQABAAABgQCdiFTptrRJvr+Lgs2isZElb5I/rWVFOT+Z3T5fVoRwSyHos20XHhC74SyaQAqv6rgQ1p1hYIvgvWXqyYU+sJg5Wmq4h4Xgc0SSyR1O2PtktgtIlt3nRhflYG3vyj8FjTWheDLTkvBDQG8MGG+XlIbk6GB7MfXrNFQ2dfOF/iyn8SWGremjt+gSViZS0zsCXtfr3Y6i7gIYtFgYbCjV4AabzTzwqvDbqI8UrYmi8oEJmCYYnLHTPoKiziX3h2r0qgQY67S5qEs/NkgX8cNTQGjkntpT1PrIUBFz6darafgJvSwcHrA3Rm+P70jmi+ca/tBgXL4vniUh7NH9wdDrZY1+RCNZZ99xtEfkV4HYcldixZzFoCecthCH7xyIu4Nbs+NpSS32aAm24EON9Z4JDhOpAtzrEtARQODI7flKxMP6odGFZqy70I63WC/hULGFMpX9MkGz5f0bRpPLVzvoVFzPGcrghZrvg943/sHGhMTcySFxXld7mJkDP147AIkq8Rk= cisnux@cisnuxs-MacBook-Air.local\n"
            },
            "metadata_fingerprint": "cTH8Gj4ThI4=",
            "metadata_startup_script": null,
            "min_cpu_platform": "",
            "name": "e2-medium-instance",
            "network_interface": [
              {
                "access_config": [
                  {
                    "nat_ip": "34.101.217.161",
                    "network_tier": "PREMIUM",
                    "public_ptr_domain_name": ""
                  }
                ],
                "alias_ip_range": [],
                "internal_ipv6_prefix_length": 0,
                "ipv6_access_config": [],
                "ipv6_access_type": "",
                "ipv6_address": "",
                "name": "nic0",
                "network": "https://www.googleapis.com/compute/v1/projects/fp-secure-api-gateway/global/networks/default",
                "network_ip": "10.184.0.5",
                "nic_type": "",
                "queue_count": 0,
                "stack_type": "IPV4_ONLY",
                "subnetwork": "https://www.googleapis.com/compute/v1/projects/fp-secure-api-gateway/regions/asia-southeast2/subnetworks/default",
                "subnetwork_project": "fp-secure-api-gateway"
              }
            ],
            "network_performance_config": [],
            "params": [],
            "project": "fp-secure-api-gateway",
            "reservation_affinity": [],
            "resource_policies": null,
            "scheduling": [
              {
                "automatic_restart": true,
                "instance_termination_action": "",
                "local_ssd_recovery_timeout": [],
                "min_node_cpus": 0,
                "node_affinities": [],
                "on_host_maintenance": "MIGRATE",
                "preemptible": false,
                "provisioning_model": "STANDARD"
              }
            ],
            "scratch_disk": [],
            "self_link": "https://www.googleapis.com/compute/v1/projects/fp-secure-api-gateway/zones/asia-southeast2-a/instances/e2-medium-instance",
            "service_account": [],
            "shielded_instance_config": [
              {
                "enable_integrity_monitoring": true,
                "enable_secure_boot": false,
                "enable_vtpm": true
              }
            ],
            "tags": [
              "ssh-access"
            ],
            "tags_fingerprint": "UN_d4GsYhqM=",
            "timeouts": null,
            "zone": "asia-southeast2-a"
          },
          "sensitive_attributes": [
            [
              {
                "type": "get_attr",
                "value": "boot_disk"
              },
              {
                "type": "index",
                "value": {
                  "value": 0,
                  "type": "number"
                }
              },
              {
                "type": "get_attr",
                "value": "disk_encryption_key_raw"
              }
            ]
          ],
          "identity_schema_version": 0,
          "private": "eyJlMmJmYjczMC1lY2FhLTExZTYtOGY4OC0zNDM2M2JjN2M0YzAiOnsiY3JlYXRlIjoxMjAwMDAwMDAwMDAwLCJkZWxldGUiOjEyMDAwMDAwMDAwMDAsInVwZGF0ZSI6MTIwMDAwMDAwMDAwMH0sInNjaGVtYV92ZXJzaW9uIjoiNiJ9"
        }
      ]
    }
  ],
  "check_results": null
}
